// !$*UTF8*$!
{
	archiveVersion = 1;
	classes = {
	};
	objectVersion = 90;
	objects = {

/* Begin PBXBuildFile section */
		6221FE882CA1EA1C00C55851 /* GoogleSignIn in Frameworks */ = {isa = PBXBuildFile; productRef = 6221FE872CA1EA1C00C55851 /* GoogleSignIn */; };
		6221FE8A2CA1EA1C00C55851 /* GoogleSignInSwift in Frameworks */ = {isa = PBXBuildFile; productRef = 6221FE892CA1EA1C00C55851 /* GoogleSignInSwift */; };
		625F568E2D5E1DFE003D5239 /* FirebaseFirestore in Frameworks */ = {isa = PBXBuildFile; productRef = 625F568D2D5E1DFE003D5239 /* FirebaseFirestore */; };
		62735C082CDD255C000719B2 /* FirebaseFirestore in Frameworks */ = {isa = PBXBuildFile; productRef = 62735C072CDD255C000719B2 /* FirebaseFirestore */; };
		62735C0A2CDD255C000719B2 /* FirebaseStorage in Frameworks */ = {isa = PBXBuildFile; productRef = 62735C092CDD255C000719B2 /* FirebaseStorage */; };
		627C49962CDDE23000ABDABF /* FirebaseAuth in Frameworks */ = {isa = PBXBuildFile; productRef = 627C49952CDDE23000ABDABF /* FirebaseAuth */; };
		629E680A2CC6F53B0018ACEF /* CoreData.framework in Frameworks */ = {isa = PBXBuildFile; fileRef = 629E68092CC6F53B0018ACEF /* CoreData.framework */; };
		62D8049F2CAD1F6B00D13EFA /* FirebaseAnalytics in Frameworks */ = {isa = PBXBuildFile; productRef = 62D8049E2CAD1F6B00D13EFA /* FirebaseAnalytics */; };
		62D804A12CAD1F6B00D13EFA /* FirebaseAnalyticsOnDeviceConversion in Frameworks */ = {isa = PBXBuildFile; productRef = 62D804A02CAD1F6B00D13EFA /* FirebaseAnalyticsOnDeviceConversion */; };
		62D804A32CAD1F6B00D13EFA /* FirebaseAnalyticsWithoutAdIdSupport in Frameworks */ = {isa = PBXBuildFile; productRef = 62D804A22CAD1F6B00D13EFA /* FirebaseAnalyticsWithoutAdIdSupport */; };
		62D804A52CAD1F6B00D13EFA /* FirebaseAppCheck in Frameworks */ = {isa = PBXBuildFile; platformFilter = ios; productRef = 62D804A42CAD1F6B00D13EFA /* FirebaseAppCheck */; };
		62D804A72CAD1F6B00D13EFA /* FirebaseAppDistribution-Beta in Frameworks */ = {isa = PBXBuildFile; productRef = 62D804A62CAD1F6B00D13EFA /* FirebaseAppDistribution-Beta */; };
		62F842302DB7671E006B3279 /* FirebaseFirestore in Frameworks */ = {isa = PBXBuildFile; productRef = 62F8422F2DB7671E006B3279 /* FirebaseFirestore */; };
		62F845122D5FFFB6000B1915 /* CatPostModule.framework in Frameworks */ = {isa = PBXBuildFile; fileRef = 62F845082D5FFFB6000B1915 /* CatPostModule.framework */; };
/* End PBXBuildFile section */

/* Begin PBXContainerItemProxy section */
		62F845132D5FFFB6000B1915 /* PBXContainerItemProxy */ = {
			isa = PBXContainerItemProxy;
			containerPortal = 62355CBD2C84CC5400560D69 /* Project object */;
			proxyType = 1;
			remoteGlobalIDString = 62F845072D5FFFB6000B1915;
			remoteInfo = CatPostModule;
		};
		62F845152D5FFFB6000B1915 /* PBXContainerItemProxy */ = {
			isa = PBXContainerItemProxy;
			containerPortal = 62355CBD2C84CC5400560D69 /* Project object */;
			proxyType = 1;
			remoteGlobalIDString = 62355CC42C84CC5400560D69;
			remoteInfo = Pawsome;
		};
/* End PBXContainerItemProxy section */

/* Begin PBXCopyFilesBuildPhase section */
		6246526C2CCD1A9C000B3F46 /* Embed PlugIns */ = {
			isa = PBXCopyFilesBuildPhase;
			dstPath = "";
			dstSubfolder = PlugIns;
			files = (
			);
			name = "Embed PlugIns";
			runOnlyForDeploymentPostprocessing = 1;
		};
/* End PBXCopyFilesBuildPhase section */

/* Begin PBXFileReference section */
		62355CC52C84CC5400560D69 /* Pawsome.app */ = {isa = PBXFileReference; explicitFileType = wrapper.application; includeInIndex = 0; path = Pawsome.app; sourceTree = BUILT_PRODUCTS_DIR; };
		624652A32CCD2351000B3F46 /* Preview Assets.xcassets */ = {isa = PBXFileReference; lastKnownFileType = folder.assetcatalog; path = "Preview Assets.xcassets"; sourceTree = "<group>"; };
		624652A52CCD2351000B3F46 /* AppDelegate.swift */ = {isa = PBXFileReference; lastKnownFileType = sourcecode.swift; path = AppDelegate.swift; sourceTree = "<group>"; };
		624652A62CCD2351000B3F46 /* Assets.xcassets */ = {isa = PBXFileReference; lastKnownFileType = folder.assetcatalog; path = Assets.xcassets; sourceTree = "<group>"; };
		624652A92CCD2351000B3F46 /* ColorExtensions.swift */ = {isa = PBXFileReference; lastKnownFileType = sourcecode.swift; path = ColorExtensions.swift; sourceTree = "<group>"; };
		624652AA2CCD2351000B3F46 /* CommentsView.swift */ = {isa = PBXFileReference; lastKnownFileType = sourcecode.swift; path = CommentsView.swift; sourceTree = "<group>"; };
		624652AB2CCD2351000B3F46 /* Form.swift */ = {isa = PBXFileReference; lastKnownFileType = sourcecode.swift; path = Form.swift; sourceTree = "<group>"; };
		624652AC2CCD2351000B3F46 /* GoogleService-Info.plist */ = {isa = PBXFileReference; lastKnownFileType = text.plist.xml; path = "GoogleService-Info.plist"; sourceTree = "<group>"; };
		624652AD2CCD2351000B3F46 /* HomeView.swift */ = {isa = PBXFileReference; lastKnownFileType = sourcecode.swift; path = HomeView.swift; sourceTree = "<group>"; };
		624652AE2CCD2351000B3F46 /* ImageEditing.swift */ = {isa = PBXFileReference; lastKnownFileType = sourcecode.swift; path = ImageEditing.swift; sourceTree = "<group>"; };
		624652AF2CCD2351000B3F46 /* Info.plist */ = {isa = PBXFileReference; lastKnownFileType = text.plist.xml; path = Info.plist; sourceTree = "<group>"; };
		624652B02CCD2351000B3F46 /* Item.swift */ = {isa = PBXFileReference; lastKnownFileType = sourcecode.swift; path = Item.swift; sourceTree = "<group>"; };
		624652B12CCD2351000B3F46 /* LoginView.swift */ = {isa = PBXFileReference; lastKnownFileType = sourcecode.swift; path = LoginView.swift; sourceTree = "<group>"; };
		624652B22CCD2351000B3F46 /* Pawsome.entitlements */ = {isa = PBXFileReference; lastKnownFileType = text.plist.entitlements; path = Pawsome.entitlements; sourceTree = "<group>"; };
		624652B32CCD2351000B3F46 /* PawsomeApp.swift */ = {isa = PBXFileReference; lastKnownFileType = sourcecode.swift; path = PawsomeApp.swift; sourceTree = "<group>"; };
		624652B42CCD2351000B3F46 /* ProfileView.swift */ = {isa = PBXFileReference; lastKnownFileType = sourcecode.swift; path = ProfileView.swift; sourceTree = "<group>"; };
		624652B52CCD2351000B3F46 /* ScanView.swift */ = {isa = PBXFileReference; lastKnownFileType = sourcecode.swift; path = ScanView.swift; sourceTree = "<group>"; };
		624652B72CCD2351000B3F46 /* CatPostModel.xcdatamodel */ = {isa = PBXFileReference; lastKnownFileType = wrapper.xcdatamodel; path = CatPostModel.xcdatamodel; sourceTree = "<group>"; };
		6268EC362CCD7F7400238C8F /* PersistenceController.swift */ = {isa = PBXFileReference; lastKnownFileType = sourcecode.swift; path = PersistenceController.swift; sourceTree = "<group>"; };
		629E68092CC6F53B0018ACEF /* CoreData.framework */ = {isa = PBXFileReference; lastKnownFileType = wrapper.framework; name = CoreData.framework; path = Platforms/iPhoneOS.platform/Developer/SDKs/iPhoneOS18.1.sdk/System/Library/Frameworks/CoreData.framework; sourceTree = DEVELOPER_DIR; };
		62F845082D5FFFB6000B1915 /* CatPostModule.framework */ = {isa = PBXFileReference; explicitFileType = wrapper.framework; includeInIndex = 0; path = CatPostModule.framework; sourceTree = BUILT_PRODUCTS_DIR; };
		62F845112D5FFFB6000B1915 /* CatPostModuleTests.xctest */ = {isa = PBXFileReference; explicitFileType = wrapper.cfbundle; includeInIndex = 0; path = CatPostModuleTests.xctest; sourceTree = BUILT_PRODUCTS_DIR; };
/* End PBXFileReference section */

/* Begin PBXFileSystemSynchronizedBuildFileExceptionSet section */
		62355CEB2C84CC5600560D69 /* Exceptions for "Pawsome" folder in "Pawsome" target */ = {
			isa = PBXFileSystemSynchronizedBuildFileExceptionSet;
			membershipExceptions = (
				Info.plist,
			);
			target = 62355CC42C84CC5400560D69 /* Pawsome */;
		};
		62F845252D5FFFB6000B1915 /* Exceptions for "CatPostModule" folder in "CatPostModule" target */ = {
			isa = PBXFileSystemSynchronizedBuildFileExceptionSet;
			publicHeaders = (
				CatPostModule.h,
			);
			target = 62F845072D5FFFB6000B1915 /* CatPostModule */;
		};
/* End PBXFileSystemSynchronizedBuildFileExceptionSet section */

/* Begin PBXFileSystemSynchronizedRootGroup section */
		62355CC72C84CC5400560D69 /* Pawsome */ = {
			isa = PBXFileSystemSynchronizedRootGroup;
			exceptions = (
				62355CEB2C84CC5600560D69 /* Exceptions for "Pawsome" folder in "Pawsome" target */,
			);
			path = Pawsome;
			sourceTree = "<group>";
		};
		62355CDC2C84CC5600560D69 /* PawsomeTests */ = {
			isa = PBXFileSystemSynchronizedRootGroup;
			path = PawsomeTests;
			sourceTree = "<group>";
		};
		62355CE62C84CC5600560D69 /* PawsomeUITests */ = {
			isa = PBXFileSystemSynchronizedRootGroup;
			path = PawsomeUITests;
			sourceTree = "<group>";
		};
		62F845092D5FFFB6000B1915 /* CatPostModule */ = {
			isa = PBXFileSystemSynchronizedRootGroup;
			exceptions = (
				62F845252D5FFFB6000B1915 /* Exceptions for "CatPostModule" folder in "CatPostModule" target */,
			);
			path = CatPostModule;
			sourceTree = "<group>";
		};
		62F845172D5FFFB6000B1915 /* CatPostModuleTests */ = {
			isa = PBXFileSystemSynchronizedRootGroup;
			path = CatPostModuleTests;
			sourceTree = "<group>";
		};
/* End PBXFileSystemSynchronizedRootGroup section */

/* Begin PBXFrameworksBuildPhase section */
		62355CC22C84CC5400560D69 /* Frameworks */ = {
			isa = PBXFrameworksBuildPhase;
			files = (
				629E680A2CC6F53B0018ACEF /* CoreData.framework in Frameworks */,
				62D804A72CAD1F6B00D13EFA /* FirebaseAppDistribution-Beta in Frameworks */,
				6221FE882CA1EA1C00C55851 /* GoogleSignIn in Frameworks */,
				62735C0A2CDD255C000719B2 /* FirebaseStorage in Frameworks */,
				62D804A32CAD1F6B00D13EFA /* FirebaseAnalyticsWithoutAdIdSupport in Frameworks */,
				625F568E2D5E1DFE003D5239 /* FirebaseFirestore in Frameworks */,
				6221FE8A2CA1EA1C00C55851 /* GoogleSignInSwift in Frameworks */,
				62735C082CDD255C000719B2 /* FirebaseFirestore in Frameworks */,
				627C49962CDDE23000ABDABF /* FirebaseAuth in Frameworks */,
				62D8049F2CAD1F6B00D13EFA /* FirebaseAnalytics in Frameworks */,
				62D804A52CAD1F6B00D13EFA /* FirebaseAppCheck in Frameworks */,
				62D804A12CAD1F6B00D13EFA /* FirebaseAnalyticsOnDeviceConversion in Frameworks */,
				62F842302DB7671E006B3279 /* FirebaseFirestore in Frameworks */,
			);
		};
		62F845052D5FFFB6000B1915 /* Frameworks */ = {
			isa = PBXFrameworksBuildPhase;
			files = (
			);
		};
		62F8450E2D5FFFB6000B1915 /* Frameworks */ = {
			isa = PBXFrameworksBuildPhase;
			files = (
				62F845122D5FFFB6000B1915 /* CatPostModule.framework in Frameworks */,
			);
		};
/* End PBXFrameworksBuildPhase section */

/* Begin PBXGroup section */
		62355CBC2C84CC5400560D69 = {
			isa = PBXGroup;
			children = (
				62355CC72C84CC5400560D69 /* Pawsome */,
				62355CDC2C84CC5600560D69 /* PawsomeTests */,
				62355CE62C84CC5600560D69 /* PawsomeUITests */,
				624652B62CCD2351000B3F46 /* Pawsome */,
				62F845092D5FFFB6000B1915 /* CatPostModule */,
				62F845172D5FFFB6000B1915 /* CatPostModuleTests */,
				629E68082CC6F53B0018ACEF /* Frameworks */,
				62355CC62C84CC5400560D69 /* Products */,
			);
			sourceTree = "<group>";
		};
		62355CC62C84CC5400560D69 /* Products */ = {
			isa = PBXGroup;
			children = (
				62355CC52C84CC5400560D69 /* Pawsome.app */,
				62F845082D5FFFB6000B1915 /* CatPostModule.framework */,
				62F845112D5FFFB6000B1915 /* CatPostModuleTests.xctest */,
			);
			name = Products;
			sourceTree = "<group>";
		};
		624652A42CCD2351000B3F46 /* Preview Content */ = {
			isa = PBXGroup;
			children = (
				624652A32CCD2351000B3F46 /* Preview Assets.xcassets */,
			);
			path = "Preview Content";
			sourceTree = "<group>";
		};
		624652B62CCD2351000B3F46 /* Pawsome */ = {
			isa = PBXGroup;
			children = (
				6268EC362CCD7F7400238C8F /* PersistenceController.swift */,
				624652A42CCD2351000B3F46 /* Preview Content */,
				624652A52CCD2351000B3F46 /* AppDelegate.swift */,
				624652A62CCD2351000B3F46 /* Assets.xcassets */,
				624652A82CCD2351000B3F46 /* CatPostModel.xcdatamodeld */,
				624652A92CCD2351000B3F46 /* ColorExtensions.swift */,
				624652AA2CCD2351000B3F46 /* CommentsView.swift */,
				624652AB2CCD2351000B3F46 /* Form.swift */,
				624652AC2CCD2351000B3F46 /* GoogleService-Info.plist */,
				624652AD2CCD2351000B3F46 /* HomeView.swift */,
				624652AE2CCD2351000B3F46 /* ImageEditing.swift */,
				624652AF2CCD2351000B3F46 /* Info.plist */,
				624652B02CCD2351000B3F46 /* Item.swift */,
				624652B12CCD2351000B3F46 /* LoginView.swift */,
				624652B22CCD2351000B3F46 /* Pawsome.entitlements */,
				624652B32CCD2351000B3F46 /* PawsomeApp.swift */,
				624652B42CCD2351000B3F46 /* ProfileView.swift */,
				624652B52CCD2351000B3F46 /* ScanView.swift */,
			);
			path = Pawsome;
			sourceTree = "<group>";
		};
		629E68082CC6F53B0018ACEF /* Frameworks */ = {
			isa = PBXGroup;
			children = (
				629E68092CC6F53B0018ACEF /* CoreData.framework */,
			);
			name = Frameworks;
			sourceTree = "<group>";
		};
/* End PBXGroup section */

/* Begin PBXHeadersBuildPhase section */
		62F845032D5FFFB6000B1915 /* Headers */ = {
			isa = PBXHeadersBuildPhase;
			files = (
			);
		};
/* End PBXHeadersBuildPhase section */

/* Begin PBXNativeTarget section */
		62355CC42C84CC5400560D69 /* Pawsome */ = {
			isa = PBXNativeTarget;
			buildConfigurationList = 62355CEC2C84CC5600560D69 /* Build configuration list for PBXNativeTarget "Pawsome" */;
			buildPhases = (
				62355CC12C84CC5400560D69 /* Sources */,
				62355CC22C84CC5400560D69 /* Frameworks */,
				62355CC32C84CC5400560D69 /* Resources */,
				6246526C2CCD1A9C000B3F46 /* Embed PlugIns */,
			);
			buildRules = (
			);
			fileSystemSynchronizedGroups = (
				62355CC72C84CC5400560D69 /* Pawsome */,
			);
			name = Pawsome;
			packageProductDependencies = (
				6221FE872CA1EA1C00C55851 /* GoogleSignIn */,
				6221FE892CA1EA1C00C55851 /* GoogleSignInSwift */,
				62D8049E2CAD1F6B00D13EFA /* FirebaseAnalytics */,
				62D804A02CAD1F6B00D13EFA /* FirebaseAnalyticsOnDeviceConversion */,
				62D804A22CAD1F6B00D13EFA /* FirebaseAnalyticsWithoutAdIdSupport */,
				62D804A42CAD1F6B00D13EFA /* FirebaseAppCheck */,
				62D804A62CAD1F6B00D13EFA /* FirebaseAppDistribution-Beta */,
				62735C072CDD255C000719B2 /* FirebaseFirestore */,
				62735C092CDD255C000719B2 /* FirebaseStorage */,
				627C49952CDDE23000ABDABF /* FirebaseAuth */,
				625F568D2D5E1DFE003D5239 /* FirebaseFirestore */,
				62F8422F2DB7671E006B3279 /* FirebaseFirestore */,
			);
			productName = Pawsome;
			productReference = 62355CC52C84CC5400560D69 /* Pawsome.app */;
			productType = "com.apple.product-type.application";
		};
		62F845072D5FFFB6000B1915 /* CatPostModule */ = {
			isa = PBXNativeTarget;
			buildConfigurationList = 62F845242D5FFFB6000B1915 /* Build configuration list for PBXNativeTarget "CatPostModule" */;
			buildPhases = (
				62F845032D5FFFB6000B1915 /* Headers */,
				62F845042D5FFFB6000B1915 /* Sources */,
				62F845052D5FFFB6000B1915 /* Frameworks */,
				62F845062D5FFFB6000B1915 /* Resources */,
			);
			buildRules = (
			);
			fileSystemSynchronizedGroups = (
				62F845092D5FFFB6000B1915 /* CatPostModule */,
			);
			name = CatPostModule;
			productName = CatPostModule;
			productReference = 62F845082D5FFFB6000B1915 /* CatPostModule.framework */;
			productType = "com.apple.product-type.framework";
		};
		62F845102D5FFFB6000B1915 /* CatPostModuleTests */ = {
			isa = PBXNativeTarget;
			buildConfigurationList = 62F845262D5FFFB6000B1915 /* Build configuration list for PBXNativeTarget "CatPostModuleTests" */;
			buildPhases = (
				62F8450D2D5FFFB6000B1915 /* Sources */,
				62F8450E2D5FFFB6000B1915 /* Frameworks */,
				62F8450F2D5FFFB6000B1915 /* Resources */,
			);
			buildRules = (
			);
			dependencies = (
				62F845142D5FFFB6000B1915 /* PBXTargetDependency */,
				62F845162D5FFFB6000B1915 /* PBXTargetDependency */,
			);
			fileSystemSynchronizedGroups = (
				62F845172D5FFFB6000B1915 /* CatPostModuleTests */,
			);
			name = CatPostModuleTests;
			productName = CatPostModuleTests;
			productReference = 62F845112D5FFFB6000B1915 /* CatPostModuleTests.xctest */;
			productType = "com.apple.product-type.bundle.unit-test";
		};
/* End PBXNativeTarget section */

/* Begin PBXProject section */
		62355CBD2C84CC5400560D69 /* Project object */ = {
			isa = PBXProject;
			attributes = {
				BuildIndependentTargetsInParallel = 1;
				LastSwiftUpdateCheck = 1620;
				LastUpgradeCheck = 2600;
				TargetAttributes = {
					62355CC42C84CC5400560D69 = {
						CreatedOnToolsVersion = 16.1;
					};
					62F845072D5FFFB6000B1915 = {
						CreatedOnToolsVersion = 16.2;
					};
					62F845102D5FFFB6000B1915 = {
						CreatedOnToolsVersion = 16.2;
						TestTargetID = 62355CC42C84CC5400560D69;
					};
				};
			};
			buildConfigurationList = 62355CC02C84CC5400560D69 /* Build configuration list for PBXProject "Pawsome" */;
			developmentRegion = en;
			hasScannedForEncodings = 0;
			knownRegions = (
				en,
				Base,
			);
			mainGroup = 62355CBC2C84CC5400560D69;
			minimizedProjectReferenceProxies = 1;
			packageReferences = (
				6221FE862CA1EA1C00C55851 /* XCRemoteSwiftPackageReference "GoogleSignIn-iOS" */,
				622262992CAD1008003661E6 /* XCRemoteSwiftPackageReference "firebase-ios-sdk" */,
			);
			preferredProjectObjectVersion = 90;
			productRefGroup = 62355CC62C84CC5400560D69 /* Products */;
			projectDirPath = "";
			projectRoot = "";
			targets = (
				62355CC42C84CC5400560D69 /* Pawsome */,
				62F845072D5FFFB6000B1915 /* CatPostModule */,
				62F845102D5FFFB6000B1915 /* CatPostModuleTests */,
			);
		};
/* End PBXProject section */

/* Begin PBXResourcesBuildPhase section */
		62355CC32C84CC5400560D69 /* Resources */ = {
			isa = PBXResourcesBuildPhase;
			files = (
			);
		};
		62F845062D5FFFB6000B1915 /* Resources */ = {
			isa = PBXResourcesBuildPhase;
			files = (
			);
		};
		62F8450F2D5FFFB6000B1915 /* Resources */ = {
			isa = PBXResourcesBuildPhase;
			files = (
			);
		};
/* End PBXResourcesBuildPhase section */

/* Begin PBXSourcesBuildPhase section */
		62355CC12C84CC5400560D69 /* Sources */ = {
			isa = PBXSourcesBuildPhase;
			files = (
			);
		};
		62F845042D5FFFB6000B1915 /* Sources */ = {
			isa = PBXSourcesBuildPhase;
			files = (
			);
		};
		62F8450D2D5FFFB6000B1915 /* Sources */ = {
			isa = PBXSourcesBuildPhase;
			files = (
			);
		};
/* End PBXSourcesBuildPhase section */

/* Begin PBXTargetDependency section */
		62F845142D5FFFB6000B1915 /* PBXTargetDependency */ = {
			isa = PBXTargetDependency;
			target = 62F845072D5FFFB6000B1915 /* CatPostModule */;
			targetProxy = 62F845132D5FFFB6000B1915 /* PBXContainerItemProxy */;
		};
		62F845162D5FFFB6000B1915 /* PBXTargetDependency */ = {
			isa = PBXTargetDependency;
			target = 62355CC42C84CC5400560D69 /* Pawsome */;
			targetProxy = 62F845152D5FFFB6000B1915 /* PBXContainerItemProxy */;
		};
/* End PBXTargetDependency section */

/* Begin XCBuildConfiguration section */
		62355CED2C84CC5600560D69 /* Debug configuration for PBXNativeTarget "Pawsome" */ = {
			isa = XCBuildConfiguration;
			buildSettings = {
				ASSETCATALOG_COMPILER_APPICON_NAME = AppIcon;
				ASSETCATALOG_COMPILER_GLOBAL_ACCENT_COLOR_NAME = AccentColor;
				CODE_SIGN_ENTITLEMENTS = Pawsome/Pawsome.entitlements;
				CODE_SIGN_STYLE = Automatic;
				DEAD_CODE_STRIPPING = YES;
				DEBUG_INFORMATION_FORMAT = "dwarf-with-dsym";
				DEVELOPMENT_ASSET_PATHS = "\"Pawsome/Preview Content\"";
				ENABLE_APP_SANDBOX = YES;
				ENABLE_DEBUG_DYLIB = NO;
				ENABLE_HARDENED_RUNTIME = YES;
				ENABLE_OUTGOING_NETWORK_CONNECTIONS = YES;
				ENABLE_PREVIEWS = YES;
				ENABLE_RESOURCE_ACCESS_CAMERA = YES;
				ENABLE_RESOURCE_ACCESS_LOCATION = YES;
				ENABLE_RESOURCE_ACCESS_PHOTO_LIBRARY = YES;
				ENABLE_USER_SELECTED_FILES = readonly;
				GENERATE_INFOPLIST_FILE = YES;
				INFOPLIST_FILE = Pawsome/Info.plist;
				INFOPLIST_KEY_LSApplicationCategoryType = "public.app-category.lifestyle";
				INFOPLIST_KEY_NSCameraUsageDescription = "This app requires access to the camera to allow users to capture images of cats.";
				INFOPLIST_KEY_NSMicrophoneUsageDescription = "This app requires access to the microphone to capture audio for videos.";
				INFOPLIST_KEY_NSPhotoLibraryUsageDescription = "This app requires access to your photo library to display and select images of cats.";
				"INFOPLIST_KEY_UIApplicationSceneManifest_Generation[sdk=iphoneos*]" = YES;
				"INFOPLIST_KEY_UIApplicationSceneManifest_Generation[sdk=iphonesimulator*]" = YES;
				"INFOPLIST_KEY_UIApplicationSupportsIndirectInputEvents[sdk=iphoneos*]" = YES;
				"INFOPLIST_KEY_UIApplicationSupportsIndirectInputEvents[sdk=iphonesimulator*]" = YES;
				"INFOPLIST_KEY_UILaunchScreen_Generation[sdk=iphoneos*]" = YES;
				"INFOPLIST_KEY_UILaunchScreen_Generation[sdk=iphonesimulator*]" = YES;
				"INFOPLIST_KEY_UIStatusBarStyle[sdk=iphoneos*]" = UIStatusBarStyleDefault;
				"INFOPLIST_KEY_UIStatusBarStyle[sdk=iphonesimulator*]" = UIStatusBarStyleDefault;
				INFOPLIST_KEY_UISupportedInterfaceOrientations = "UIInterfaceOrientationLandscapeLeft UIInterfaceOrientationLandscapeRight UIInterfaceOrientationPortrait";
				INFOPLIST_KEY_UISupportedInterfaceOrientations_iPad = "UIInterfaceOrientationLandscapeLeft UIInterfaceOrientationLandscapeRight UIInterfaceOrientationPortrait UIInterfaceOrientationPortraitUpsideDown";
				IPHONEOS_DEPLOYMENT_TARGET = 18.0;
				LD_RUNPATH_SEARCH_PATHS = "@executable_path/Frameworks";
				"LD_RUNPATH_SEARCH_PATHS[sdk=macosx*]" = "@executable_path/../Frameworks";
				MACOSX_DEPLOYMENT_TARGET = 15.0;
				MARKETING_VERSION = 1.0;
				MTL_ENABLE_DEBUG_INFO = "DWARF with dSYM File.";
				PRODUCT_BUNDLE_IDENTIFIER = Com.GameBuster.Pawsome;
				PRODUCT_NAME = "$(TARGET_NAME)";
				SDKROOT = auto;
				SUPPORTED_PLATFORMS = "iphoneos iphonesimulator macosx xros xrsimulator";
				SWIFT_EMIT_LOC_STRINGS = YES;
				SWIFT_VERSION = 5.0;
				TARGETED_DEVICE_FAMILY = "1,2,7";
				XROS_DEPLOYMENT_TARGET = 2.0;
			};
			name = Debug;
		};
		62355CEE2C84CC5600560D69 /* Release configuration for PBXNativeTarget "Pawsome" */ = {
			isa = XCBuildConfiguration;
			buildSettings = {
				ASSETCATALOG_COMPILER_APPICON_NAME = AppIcon;
				ASSETCATALOG_COMPILER_GLOBAL_ACCENT_COLOR_NAME = AccentColor;
				CODE_SIGN_ENTITLEMENTS = Pawsome/Pawsome.entitlements;
				CODE_SIGN_STYLE = Automatic;
				DEAD_CODE_STRIPPING = YES;
				DEBUG_INFORMATION_FORMAT = "dwarf-with-dsym";
				DEVELOPMENT_ASSET_PATHS = "\"Pawsome/Preview Content\"";
				ENABLE_APP_SANDBOX = YES;
				ENABLE_DEBUG_DYLIB = NO;
				ENABLE_HARDENED_RUNTIME = YES;
				ENABLE_OUTGOING_NETWORK_CONNECTIONS = YES;
				ENABLE_PREVIEWS = YES;
				ENABLE_RESOURCE_ACCESS_CAMERA = YES;
				ENABLE_RESOURCE_ACCESS_LOCATION = YES;
				ENABLE_RESOURCE_ACCESS_PHOTO_LIBRARY = YES;
				ENABLE_USER_SELECTED_FILES = readonly;
				GENERATE_INFOPLIST_FILE = YES;
				INFOPLIST_FILE = Pawsome/Info.plist;
				INFOPLIST_KEY_LSApplicationCategoryType = "public.app-category.lifestyle";
				INFOPLIST_KEY_NSCameraUsageDescription = "This app requires access to the camera to allow users to capture images of cats.";
				INFOPLIST_KEY_NSMicrophoneUsageDescription = "This app requires access to the microphone to capture audio for videos.";
				INFOPLIST_KEY_NSPhotoLibraryUsageDescription = "This app requires access to your photo library to display and select images of cats.";
				"INFOPLIST_KEY_UIApplicationSceneManifest_Generation[sdk=iphoneos*]" = YES;
				"INFOPLIST_KEY_UIApplicationSceneManifest_Generation[sdk=iphonesimulator*]" = YES;
				"INFOPLIST_KEY_UIApplicationSupportsIndirectInputEvents[sdk=iphoneos*]" = YES;
				"INFOPLIST_KEY_UIApplicationSupportsIndirectInputEvents[sdk=iphonesimulator*]" = YES;
				"INFOPLIST_KEY_UILaunchScreen_Generation[sdk=iphoneos*]" = YES;
				"INFOPLIST_KEY_UILaunchScreen_Generation[sdk=iphonesimulator*]" = YES;
				"INFOPLIST_KEY_UIStatusBarStyle[sdk=iphoneos*]" = UIStatusBarStyleDefault;
				"INFOPLIST_KEY_UIStatusBarStyle[sdk=iphonesimulator*]" = UIStatusBarStyleDefault;
				INFOPLIST_KEY_UISupportedInterfaceOrientations = "UIInterfaceOrientationLandscapeLeft UIInterfaceOrientationLandscapeRight UIInterfaceOrientationPortrait";
				INFOPLIST_KEY_UISupportedInterfaceOrientations_iPad = "UIInterfaceOrientationLandscapeLeft UIInterfaceOrientationLandscapeRight UIInterfaceOrientationPortrait UIInterfaceOrientationPortraitUpsideDown";
				IPHONEOS_DEPLOYMENT_TARGET = 18.0;
				LD_RUNPATH_SEARCH_PATHS = "@executable_path/Frameworks";
				"LD_RUNPATH_SEARCH_PATHS[sdk=macosx*]" = "@executable_path/../Frameworks";
				MACOSX_DEPLOYMENT_TARGET = 15.0;
				MARKETING_VERSION = 1.0;
				MTL_ENABLE_DEBUG_INFO = "DWARF with dSYM File.";
				PRODUCT_BUNDLE_IDENTIFIER = Com.GameBuster.Pawsome;
				PRODUCT_NAME = "$(TARGET_NAME)";
				SDKROOT = auto;
				SUPPORTED_PLATFORMS = "iphoneos iphonesimulator macosx xros xrsimulator";
				SWIFT_EMIT_LOC_STRINGS = YES;
				SWIFT_VERSION = 5.0;
				TARGETED_DEVICE_FAMILY = "1,2,7";
				XROS_DEPLOYMENT_TARGET = 2.0;
			};
			name = Release;
		};
		62355CEF2C84CC5600560D69 /* Debug configuration for PBXProject "Pawsome" */ = {
			isa = XCBuildConfiguration;
			buildSettings = {
				ALWAYS_SEARCH_USER_PATHS = NO;
				ASSETCATALOG_COMPILER_GENERATE_SWIFT_ASSET_SYMBOL_EXTENSIONS = YES;
				CLANG_ANALYZER_NONNULL = YES;
				CLANG_ANALYZER_NUMBER_OBJECT_CONVERSION = YES_AGGRESSIVE;
				CLANG_CXX_LANGUAGE_STANDARD = "gnu++20";
				CLANG_ENABLE_MODULES = YES;
				CLANG_ENABLE_OBJC_ARC = YES;
				CLANG_ENABLE_OBJC_WEAK = YES;
				CLANG_WARN_BLOCK_CAPTURE_AUTORELEASING = YES;
				CLANG_WARN_BOOL_CONVERSION = YES;
				CLANG_WARN_COMMA = YES;
				CLANG_WARN_CONSTANT_CONVERSION = YES;
				CLANG_WARN_DEPRECATED_OBJC_IMPLEMENTATIONS = YES;
				CLANG_WARN_DIRECT_OBJC_ISA_USAGE = YES_ERROR;
				CLANG_WARN_DOCUMENTATION_COMMENTS = YES;
				CLANG_WARN_EMPTY_BODY = YES;
				CLANG_WARN_ENUM_CONVERSION = YES;
				CLANG_WARN_INFINITE_RECURSION = YES;
				CLANG_WARN_INT_CONVERSION = YES;
				CLANG_WARN_NON_LITERAL_NULL_CONVERSION = YES;
				CLANG_WARN_OBJC_IMPLICIT_RETAIN_SELF = YES;
				CLANG_WARN_OBJC_LITERAL_CONVERSION = YES;
				CLANG_WARN_OBJC_ROOT_CLASS = YES_ERROR;
				CLANG_WARN_QUOTED_INCLUDE_IN_FRAMEWORK_HEADER = YES;
				CLANG_WARN_RANGE_LOOP_ANALYSIS = YES;
				CLANG_WARN_STRICT_PROTOTYPES = YES;
				CLANG_WARN_SUSPICIOUS_MOVE = YES;
				CLANG_WARN_UNGUARDED_AVAILABILITY = YES_AGGRESSIVE;
				CLANG_WARN_UNREACHABLE_CODE = YES;
				CLANG_WARN__DUPLICATE_METHOD_MATCH = YES;
				COPY_PHASE_STRIP = NO;
				DEAD_CODE_STRIPPING = YES;
				DEBUG_INFORMATION_FORMAT = dwarf;
				DEVELOPMENT_TEAM = 94MM32TB4P;
				ENABLE_STRICT_OBJC_MSGSEND = YES;
				ENABLE_TESTABILITY = YES;
				ENABLE_USER_SCRIPT_SANDBOXING = YES;
				GCC_C_LANGUAGE_STANDARD = gnu17;
				GCC_DYNAMIC_NO_PIC = NO;
				GCC_NO_COMMON_BLOCKS = YES;
				GCC_OPTIMIZATION_LEVEL = 0;
				GCC_PREPROCESSOR_DEFINITIONS = (
					"DEBUG=1",
					"$(inherited)",
				);
				GCC_WARN_64_TO_32_BIT_CONVERSION = YES;
				GCC_WARN_ABOUT_RETURN_TYPE = YES_ERROR;
				GCC_WARN_UNDECLARED_SELECTOR = YES;
				GCC_WARN_UNINITIALIZED_AUTOS = YES_AGGRESSIVE;
				GCC_WARN_UNUSED_FUNCTION = YES;
				GCC_WARN_UNUSED_VARIABLE = YES;
				LOCALIZATION_PREFERS_STRING_CATALOGS = YES;
				MTL_ENABLE_DEBUG_INFO = INCLUDE_SOURCE;
				MTL_FAST_MATH = YES;
				ONLY_ACTIVE_ARCH = YES;
				STRING_CATALOG_GENERATE_SYMBOLS = YES;
				SWIFT_ACTIVE_COMPILATION_CONDITIONS = "DEBUG $(inherited)";
				SWIFT_OPTIMIZATION_LEVEL = "-Onone";
			};
			name = Debug;
		};
		62355CF02C84CC5600560D69 /* Release configuration for PBXProject "Pawsome" */ = {
			isa = XCBuildConfiguration;
			buildSettings = {
				ALWAYS_SEARCH_USER_PATHS = NO;
				ASSETCATALOG_COMPILER_GENERATE_SWIFT_ASSET_SYMBOL_EXTENSIONS = YES;
				CLANG_ANALYZER_NONNULL = YES;
				CLANG_ANALYZER_NUMBER_OBJECT_CONVERSION = YES_AGGRESSIVE;
				CLANG_CXX_LANGUAGE_STANDARD = "gnu++20";
				CLANG_ENABLE_MODULES = YES;
				CLANG_ENABLE_OBJC_ARC = YES;
				CLANG_ENABLE_OBJC_WEAK = YES;
				CLANG_WARN_BLOCK_CAPTURE_AUTORELEASING = YES;
				CLANG_WARN_BOOL_CONVERSION = YES;
				CLANG_WARN_COMMA = YES;
				CLANG_WARN_CONSTANT_CONVERSION = YES;
				CLANG_WARN_DEPRECATED_OBJC_IMPLEMENTATIONS = YES;
				CLANG_WARN_DIRECT_OBJC_ISA_USAGE = YES_ERROR;
				CLANG_WARN_DOCUMENTATION_COMMENTS = YES;
				CLANG_WARN_EMPTY_BODY = YES;
				CLANG_WARN_ENUM_CONVERSION = YES;
				CLANG_WARN_INFINITE_RECURSION = YES;
				CLANG_WARN_INT_CONVERSION = YES;
				CLANG_WARN_NON_LITERAL_NULL_CONVERSION = YES;
				CLANG_WARN_OBJC_IMPLICIT_RETAIN_SELF = YES;
				CLANG_WARN_OBJC_LITERAL_CONVERSION = YES;
				CLANG_WARN_OBJC_ROOT_CLASS = YES_ERROR;
				CLANG_WARN_QUOTED_INCLUDE_IN_FRAMEWORK_HEADER = YES;
				CLANG_WARN_RANGE_LOOP_ANALYSIS = YES;
				CLANG_WARN_STRICT_PROTOTYPES = YES;
				CLANG_WARN_SUSPICIOUS_MOVE = YES;
				CLANG_WARN_UNGUARDED_AVAILABILITY = YES_AGGRESSIVE;
				CLANG_WARN_UNREACHABLE_CODE = YES;
				CLANG_WARN__DUPLICATE_METHOD_MATCH = YES;
				COPY_PHASE_STRIP = NO;
				DEAD_CODE_STRIPPING = YES;
				DEBUG_INFORMATION_FORMAT = "dwarf-with-dsym";
				DEVELOPMENT_TEAM = 94MM32TB4P;
				ENABLE_NS_ASSERTIONS = NO;
				ENABLE_STRICT_OBJC_MSGSEND = YES;
				ENABLE_USER_SCRIPT_SANDBOXING = YES;
				GCC_C_LANGUAGE_STANDARD = gnu17;
				GCC_NO_COMMON_BLOCKS = YES;
				GCC_WARN_64_TO_32_BIT_CONVERSION = YES;
				GCC_WARN_ABOUT_RETURN_TYPE = YES_ERROR;
				GCC_WARN_UNDECLARED_SELECTOR = YES;
				GCC_WARN_UNINITIALIZED_AUTOS = YES_AGGRESSIVE;
				GCC_WARN_UNUSED_FUNCTION = YES;
				GCC_WARN_UNUSED_VARIABLE = YES;
				LOCALIZATION_PREFERS_STRING_CATALOGS = YES;
				MTL_ENABLE_DEBUG_INFO = NO;
				MTL_FAST_MATH = YES;
				STRING_CATALOG_GENERATE_SYMBOLS = YES;
				SWIFT_COMPILATION_MODE = wholemodule;
			};
			name = Release;
		};
		62F845202D5FFFB6000B1915 /* Debug configuration for PBXNativeTarget "CatPostModule" */ = {
			isa = XCBuildConfiguration;
			buildSettings = {
				BUILD_LIBRARY_FOR_DISTRIBUTION = YES;
				CODE_SIGN_IDENTITY = "";
				CODE_SIGN_STYLE = Automatic;
				COMBINE_HIDPI_IMAGES = YES;
				CURRENT_PROJECT_VERSION = 1;
				DEFINES_MODULE = YES;
				DYLIB_COMPATIBILITY_VERSION = 1;
				DYLIB_CURRENT_VERSION = 1;
				DYLIB_INSTALL_NAME_BASE = "@rpath";
				ENABLE_MODULE_VERIFIER = YES;
				GENERATE_INFOPLIST_FILE = YES;
				INFOPLIST_KEY_NSHumanReadableCopyright = "";
				INSTALL_PATH = "$(LOCAL_LIBRARY_DIR)/Frameworks";
				LD_RUNPATH_SEARCH_PATHS = (
					"$(inherited)",
					"@executable_path/../Frameworks",
					"@loader_path/Frameworks",
				);
				MACOSX_DEPLOYMENT_TARGET = 15.2;
				MARKETING_VERSION = 1.0;
				MODULE_VERIFIER_SUPPORTED_LANGUAGES = "objective-c objective-c++";
				MODULE_VERIFIER_SUPPORTED_LANGUAGE_STANDARDS = "gnu17 gnu++20";
				PRODUCT_BUNDLE_IDENTIFIER = com.GameBuster.pawsome.CatPostModule;
				PRODUCT_NAME = "$(TARGET_NAME:c99extidentifier)";
				SDKROOT = macosx;
				SKIP_INSTALL = YES;
				SWIFT_EMIT_LOC_STRINGS = YES;
				SWIFT_INSTALL_OBJC_HEADER = NO;
				SWIFT_VERSION = 5.0;
				VERSIONING_SYSTEM = "apple-generic";
				VERSION_INFO_PREFIX = "";
			};
			name = Debug;
		};
		62F845212D5FFFB6000B1915 /* Release configuration for PBXNativeTarget "CatPostModule" */ = {
			isa = XCBuildConfiguration;
			buildSettings = {
				BUILD_LIBRARY_FOR_DISTRIBUTION = YES;
				CODE_SIGN_IDENTITY = "";
				CODE_SIGN_STYLE = Automatic;
				COMBINE_HIDPI_IMAGES = YES;
				CURRENT_PROJECT_VERSION = 1;
				DEFINES_MODULE = YES;
				DYLIB_COMPATIBILITY_VERSION = 1;
				DYLIB_CURRENT_VERSION = 1;
				DYLIB_INSTALL_NAME_BASE = "@rpath";
				ENABLE_MODULE_VERIFIER = YES;
				GENERATE_INFOPLIST_FILE = YES;
				INFOPLIST_KEY_NSHumanReadableCopyright = "";
				INSTALL_PATH = "$(LOCAL_LIBRARY_DIR)/Frameworks";
				LD_RUNPATH_SEARCH_PATHS = (
					"$(inherited)",
					"@executable_path/../Frameworks",
					"@loader_path/Frameworks",
				);
				MACOSX_DEPLOYMENT_TARGET = 15.2;
				MARKETING_VERSION = 1.0;
				MODULE_VERIFIER_SUPPORTED_LANGUAGES = "objective-c objective-c++";
				MODULE_VERIFIER_SUPPORTED_LANGUAGE_STANDARDS = "gnu17 gnu++20";
				PRODUCT_BUNDLE_IDENTIFIER = com.GameBuster.pawsome.CatPostModule;
				PRODUCT_NAME = "$(TARGET_NAME:c99extidentifier)";
				SDKROOT = macosx;
				SKIP_INSTALL = YES;
				SWIFT_EMIT_LOC_STRINGS = YES;
				SWIFT_INSTALL_OBJC_HEADER = NO;
				SWIFT_VERSION = 5.0;
				VERSIONING_SYSTEM = "apple-generic";
				VERSION_INFO_PREFIX = "";
			};
			name = Release;
		};
		62F845222D5FFFB6000B1915 /* Debug configuration for PBXNativeTarget "CatPostModuleTests" */ = {
			isa = XCBuildConfiguration;
			buildSettings = {
				CODE_SIGN_STYLE = Automatic;
				CURRENT_PROJECT_VERSION = 1;
				GENERATE_INFOPLIST_FILE = YES;
				MACOSX_DEPLOYMENT_TARGET = 15.2;
				MARKETING_VERSION = 1.0;
				PRODUCT_BUNDLE_IDENTIFIER = com.GameBuster.pawsome.CatPostModuleTests;
				PRODUCT_NAME = "$(TARGET_NAME)";
				SDKROOT = macosx;
				SWIFT_EMIT_LOC_STRINGS = NO;
				SWIFT_VERSION = 5.0;
				TEST_HOST = "$(BUILT_PRODUCTS_DIR)/Pawsome.app/$(BUNDLE_EXECUTABLE_FOLDER_PATH)/Pawsome";
			};
			name = Debug;
		};
		62F845232D5FFFB6000B1915 /* Release configuration for PBXNativeTarget "CatPostModuleTests" */ = {
			isa = XCBuildConfiguration;
			buildSettings = {
				CODE_SIGN_STYLE = Automatic;
				CURRENT_PROJECT_VERSION = 1;
				GENERATE_INFOPLIST_FILE = YES;
				MACOSX_DEPLOYMENT_TARGET = 15.2;
				MARKETING_VERSION = 1.0;
				PRODUCT_BUNDLE_IDENTIFIER = com.GameBuster.pawsome.CatPostModuleTests;
				PRODUCT_NAME = "$(TARGET_NAME)";
				SDKROOT = macosx;
				SWIFT_EMIT_LOC_STRINGS = NO;
				SWIFT_VERSION = 5.0;
				TEST_HOST = "$(BUILT_PRODUCTS_DIR)/Pawsome.app/$(BUNDLE_EXECUTABLE_FOLDER_PATH)/Pawsome";
			};
			name = Release;
		};
/* End XCBuildConfiguration section */

/* Begin XCConfigurationList section */
		62355CC02C84CC5400560D69 /* Build configuration list for PBXProject "Pawsome" */ = {
			isa = XCConfigurationList;
			buildConfigurations = (
				62355CEF2C84CC5600560D69 /* Debug configuration for PBXProject "Pawsome" */,
				62355CF02C84CC5600560D69 /* Release configuration for PBXProject "Pawsome" */,
			);
			defaultConfigurationName = Release;
		};
		62355CEC2C84CC5600560D69 /* Build configuration list for PBXNativeTarget "Pawsome" */ = {
			isa = XCConfigurationList;
			buildConfigurations = (
				62355CED2C84CC5600560D69 /* Debug configuration for PBXNativeTarget "Pawsome" */,
				62355CEE2C84CC5600560D69 /* Release configuration for PBXNativeTarget "Pawsome" */,
			);
			defaultConfigurationName = Release;
		};
		62F845242D5FFFB6000B1915 /* Build configuration list for PBXNativeTarget "CatPostModule" */ = {
			isa = XCConfigurationList;
			buildConfigurations = (
				62F845202D5FFFB6000B1915 /* Debug configuration for PBXNativeTarget "CatPostModule" */,
				62F845212D5FFFB6000B1915 /* Release configuration for PBXNativeTarget "CatPostModule" */,
			);
			defaultConfigurationName = Release;
		};
		62F845262D5FFFB6000B1915 /* Build configuration list for PBXNativeTarget "CatPostModuleTests" */ = {
			isa = XCConfigurationList;
			buildConfigurations = (
				62F845222D5FFFB6000B1915 /* Debug configuration for PBXNativeTarget "CatPostModuleTests" */,
				62F845232D5FFFB6000B1915 /* Release configuration for PBXNativeTarget "CatPostModuleTests" */,
			);
			defaultConfigurationName = Release;
		};
/* End XCConfigurationList section */

/* Begin XCRemoteSwiftPackageReference section */
		6221FE862CA1EA1C00C55851 /* XCRemoteSwiftPackageReference "GoogleSignIn-iOS" */ = {
			isa = XCRemoteSwiftPackageReference;
			repositoryURL = "https://github.com/google/GoogleSignIn-iOS";
			requirement = {
				kind = upToNextMajorVersion;
				minimumVersion = 8.0.0;
			};
		};
		622262992CAD1008003661E6 /* XCRemoteSwiftPackageReference "firebase-ios-sdk" */ = {
			isa = XCRemoteSwiftPackageReference;
			repositoryURL = "https://github.com/firebase/firebase-ios-sdk";
			requirement = {
				kind = upToNextMajorVersion;
				minimumVersion = 11.3.0;
			};
		};
/* End XCRemoteSwiftPackageReference section */

/* Begin XCSwiftPackageProductDependency section */
		6221FE872CA1EA1C00C55851 /* GoogleSignIn */ = {
			isa = XCSwiftPackageProductDependency;
			package = 6221FE862CA1EA1C00C55851 /* XCRemoteSwiftPackageReference "GoogleSignIn-iOS" */;
			productName = GoogleSignIn;
		};
		6221FE892CA1EA1C00C55851 /* GoogleSignInSwift */ = {
			isa = XCSwiftPackageProductDependency;
			package = 6221FE862CA1EA1C00C55851 /* XCRemoteSwiftPackageReference "GoogleSignIn-iOS" */;
			productName = GoogleSignInSwift;
		};
		625F568D2D5E1DFE003D5239 /* FirebaseFirestore */ = {
			isa = XCSwiftPackageProductDependency;
			productName = FirebaseFirestore;
		};
		62735C072CDD255C000719B2 /* FirebaseFirestore */ = {
			isa = XCSwiftPackageProductDependency;
			productName = FirebaseFirestore;
		};
		62735C092CDD255C000719B2 /* FirebaseStorage */ = {
			isa = XCSwiftPackageProductDependency;
			productName = FirebaseStorage;
		};
		627C49952CDDE23000ABDABF /* FirebaseAuth */ = {
			isa = XCSwiftPackageProductDependency;
			productName = FirebaseAuth;
		};
		62D8049E2CAD1F6B00D13EFA /* FirebaseAnalytics */ = {
			isa = XCSwiftPackageProductDependency;
			package = 622262992CAD1008003661E6 /* XCRemoteSwiftPackageReference "firebase-ios-sdk" */;
			productName = FirebaseAnalytics;
		};
		62D804A02CAD1F6B00D13EFA /* FirebaseAnalyticsOnDeviceConversion */ = {
			isa = XCSwiftPackageProductDependency;
			package = 622262992CAD1008003661E6 /* XCRemoteSwiftPackageReference "firebase-ios-sdk" */;
			productName = FirebaseAnalyticsOnDeviceConversion;
		};
		62D804A22CAD1F6B00D13EFA /* FirebaseAnalyticsWithoutAdIdSupport */ = {
			isa = XCSwiftPackageProductDependency;
			package = 622262992CAD1008003661E6 /* XCRemoteSwiftPackageReference "firebase-ios-sdk" */;
			productName = FirebaseAnalyticsWithoutAdIdSupport;
		};
		62D804A42CAD1F6B00D13EFA /* FirebaseAppCheck */ = {
			isa = XCSwiftPackageProductDependency;
			package = 622262992CAD1008003661E6 /* XCRemoteSwiftPackageReference "firebase-ios-sdk" */;
			productName = FirebaseAppCheck;
		};
		62D804A62CAD1F6B00D13EFA /* FirebaseAppDistribution-Beta */ = {
			isa = XCSwiftPackageProductDependency;
			package = 622262992CAD1008003661E6 /* XCRemoteSwiftPackageReference "firebase-ios-sdk" */;
			productName = "FirebaseAppDistribution-Beta";
		};
		62F8422F2DB7671E006B3279 /* FirebaseFirestore */ = {
			isa = XCSwiftPackageProductDependency;
			package = 622262992CAD1008003661E6 /* XCRemoteSwiftPackageReference "firebase-ios-sdk" */;
			productName = FirebaseFirestore;
		};
/* End XCSwiftPackageProductDependency section */

/* Begin XCVersionGroup section */
		624652A82CCD2351000B3F46 /* CatPostModel.xcdatamodeld */ = {
			isa = XCVersionGroup;
			children = (
				624652B72CCD2351000B3F46 /* CatPostModel.xcdatamodel */,
			);
			currentVersion = 624652B72CCD2351000B3F46 /* CatPostModel.xcdatamodel */;
			path = CatPostModel.xcdatamodeld;
			sourceTree = "<group>";
			versionGroupType = wrapper.xcdatamodel;
		};
/* End XCVersionGroup section */
	};
	rootObject = 62355CBD2C84CC5400560D69 /* Project object */;
}
